
Microsoft Visual Studio Solution File, Format Version 12.00
# Visual Studio 15
VisualStudioVersion = 15.0.26730.15
MinimumVisualStudioVersion = 10.0.40219.1
Project("{FAE04EC0-301F-11D3-BF4B-00C04F79EFBC}") = "subscription", "subscription\subscription.csproj", "{62A8BCAD-7E90-4272-B913-8BE548C5E8DB}"
EndProject
Global
	GlobalSection(SolutionConfigurationPlatforms) = preSolution
		Debug|Any CPU = Debug|Any CPU
		Release|Any CPU = Release|Any CPU
	EndGlobalSection
	GlobalSection(ProjectConfigurationPlatforms) = postSolution
		{62A8BCAD-7E90-4272-B913-8BE548C5E8DB}.Debug|Any CPU.ActiveCfg = Debug|Any CPU
		{62A8BCAD-7E90-4272-B913-8BE548C5E8DB}.Debug|Any CPU.Build.0 = Debug|Any CPU
		{62A8BCAD-7E90-4272-B913-8BE548C5E8DB}.Release|Any CPU.ActiveCfg = Release|Any CPU
		{62A8BCAD-7E90-4272-B913-8BE548C5E8DB}.Release|Any CPU.Build.0 = Release|Any CPU
	EndGlobalSection
	GlobalSection(SolutionProperties) = preSolution
		HideSolutionNode = FALSE
	EndGlobalSection
	GlobalSection(ExtensibilityGlobals) = postSolution
		SolutionGuid = {CF210EE4-3D6E-4A01-B16C-BFB40F0DB0EA}
	EndGlobalSection
EndGlobal
